// !$*UTF8*$!
{
	archiveVersion = 1;
	classes = {
	};
	objectVersion = 51;
	objects = {

/* Begin PBXBuildFile section */
		A468BE0F223B684F0049C54E /* fengmian.png in Resources */ = {isa = PBXBuildFile; fileRef = A468BE0E223B684F0049C54E /* fengmian.png */; };
		A49405702147E7FB00CAF45E /* AppDelegate.swift in Sources */ = {isa = PBXBuildFile; fileRef = A494056F2147E7FB00CAF45E /* AppDelegate.swift */; };
		A49405722147E7FB00CAF45E /* ViewController.swift in Sources */ = {isa = PBXBuildFile; fileRef = A49405712147E7FB00CAF45E /* ViewController.swift */; };
		A49405752147E7FB00CAF45E /* Main.storyboard in Resources */ = {isa = PBXBuildFile; fileRef = A49405732147E7FB00CAF45E /* Main.storyboard */; };
		A49405772147E7FB00CAF45E /* Assets.xcassets in Resources */ = {isa = PBXBuildFile; fileRef = A49405762147E7FB00CAF45E /* Assets.xcassets */; };
		A494057A2147E7FB00CAF45E /* LaunchScreen.storyboard in Resources */ = {isa = PBXBuildFile; fileRef = A49405782147E7FB00CAF45E /* LaunchScreen.storyboard */; };
/* End PBXBuildFile section */

/* Begin PBXContainerItemProxy section */
		A49405812147E7FB00CAF45E /* PBXContainerItemProxy */ = {
			isa = PBXContainerItemProxy;
			containerPortal = A49405642147E7FB00CAF45E /* Project object */;
			proxyType = 1;
			remoteGlobalIDString = A494056B2147E7FB00CAF45E;
			remoteInfo = Sudoku;
		};
		A494058C2147E7FC00CAF45E /* PBXContainerItemProxy */ = {
			isa = PBXContainerItemProxy;
			containerPortal = A49405642147E7FB00CAF45E /* Project object */;
			proxyType = 1;
			remoteGlobalIDString = A494056B2147E7FB00CAF45E;
			remoteInfo = Sudoku;
		};
/* End PBXContainerItemProxy section */

/* Begin PBXFileReference section */
		A468BE0E223B684F0049C54E /* fengmian.png */ = {isa = PBXFileReference; lastKnownFileType = image.png; path = fengmian.png; sourceTree = "<group>"; };
		A494056C2147E7FB00CAF45E /* Sudoku.app */ = {isa = PBXFileReference; explicitFileType = wrapper.application; includeInIndex = 0; path = Sudoku.app; sourceTree = BUILT_PRODUCTS_DIR; };
		A494056F2147E7FB00CAF45E /* AppDelegate.swift */ = {isa = PBXFileReference; lastKnownFileType = sourcecode.swift; path = AppDelegate.swift; sourceTree = "<group>"; };
		A49405712147E7FB00CAF45E /* ViewController.swift */ = {isa = PBXFileReference; lastKnownFileType = sourcecode.swift; path = ViewController.swift; sourceTree = "<group>"; };
		A49405742147E7FB00CAF45E /* Base */ = {isa = PBXFileReference; lastKnownFileType = file.storyboard; name = Base; path = Base.lproj/Main.storyboard; sourceTree = "<group>"; };
		A49405762147E7FB00CAF45E /* Assets.xcassets */ = {isa = PBXFileReference; lastKnownFileType = folder.assetcatalog; path = Assets.xcassets; sourceTree = "<group>"; };
		A49405792147E7FB00CAF45E /* Base */ = {isa = PBXFileReference; lastKnownFileType = file.storyboard; name = Base; path = Base.lproj/LaunchScreen.storyboard; sourceTree = "<group>"; };
		A494057B2147E7FB00CAF45E /* Info.plist */ = {isa = PBXFileReference; lastKnownFileType = text.plist.xml; path = Info.plist; sourceTree = "<group>"; };
		A49405802147E7FB00CAF45E /* SudokuTests.xctest */ = {isa = PBXFileReference; explicitFileType = wrapper.cfbundle; includeInIndex = 0; path = SudokuTests.xctest; sourceTree = BUILT_PRODUCTS_DIR; };
		A494058B2147E7FC00CAF45E /* SudokuUITests.xctest */ = {isa = PBXFileReference; explicitFileType = wrapper.cfbundle; includeInIndex = 0; path = SudokuUITests.xctest; sourceTree = BUILT_PRODUCTS_DIR; };
/* End PBXFileReference section */

/* Begin PBXFrameworksBuildPhase section */
		A49405692147E7FB00CAF45E /* Frameworks */ = {
			isa = PBXFrameworksBuildPhase;
			buildActionMask = 2147483647;
			files = (
			);
			runOnlyForDeploymentPostprocessing = 0;
		};
		A494057D2147E7FB00CAF45E /* Frameworks */ = {
			isa = PBXFrameworksBuildPhase;
			buildActionMask = 2147483647;
			files = (
			);
			runOnlyForDeploymentPostprocessing = 0;
		};
		A49405882147E7FC00CAF45E /* Frameworks */ = {
			isa = PBXFrameworksBuildPhase;
			buildActionMask = 2147483647;
			files = (
			);
			runOnlyForDeploymentPostprocessing = 0;
		};
/* End PBXFrameworksBuildPhase section */

/* Begin PBXGroup section */
		A49405632147E7FB00CAF45E = {
			isa = PBXGroup;
			children = (
				A494056E2147E7FB00CAF45E /* Sudoku */,
				A494056D2147E7FB00CAF45E /* Products */,
			);
			sourceTree = "<group>";
		};
		A494056D2147E7FB00CAF45E /* Products */ = {
			isa = PBXGroup;
			children = (
				A494056C2147E7FB00CAF45E /* Sudoku.app */,
				A49405802147E7FB00CAF45E /* SudokuTests.xctest */,
				A494058B2147E7FC00CAF45E /* SudokuUITests.xctest */,
			);
			name = Products;
			sourceTree = "<group>";
		};
		A494056E2147E7FB00CAF45E /* Sudoku */ = {
			isa = PBXGroup;
			children = (
				A494056F2147E7FB00CAF45E /* AppDelegate.swift */,
				A49405712147E7FB00CAF45E /* ViewController.swift */,
				A49405732147E7FB00CAF45E /* Main.storyboard */,
				A49405762147E7FB00CAF45E /* Assets.xcassets */,
				A49405782147E7FB00CAF45E /* LaunchScreen.storyboard */,
				A468BE0E223B684F0049C54E /* fengmian.png */,
				A494057B2147E7FB00CAF45E /* Info.plist */,
			);
			path = Sudoku;
			sourceTree = "<group>";
		};
/* End PBXGroup section */

/* Begin PBXNativeTarget section */
		A494056B2147E7FB00CAF45E /* Sudoku */ = {
			isa = PBXNativeTarget;
			buildConfigurationList = A49405942147E7FC00CAF45E /* Build configuration list for PBXNativeTarget "Sudoku" */;
			buildPhases = (
				A49405682147E7FB00CAF45E /* Sources */,
				A49405692147E7FB00CAF45E /* Frameworks */,
				A494056A2147E7FB00CAF45E /* Resources */,
			);
			buildRules = (
			);
			dependencies = (
			);
			name = Sudoku;
			productName = Sudoku;
			productReference = A494056C2147E7FB00CAF45E /* Sudoku.app */;
			productType = "com.apple.product-type.application";
		};
		A494057F2147E7FB00CAF45E /* SudokuTests */ = {
			isa = PBXNativeTarget;
			buildConfigurationList = A49405972147E7FC00CAF45E /* Build configuration list for PBXNativeTarget "SudokuTests" */;
			buildPhases = (
				A494057C2147E7FB00CAF45E /* Sources */,
				A494057D2147E7FB00CAF45E /* Frameworks */,
				A494057E2147E7FB00CAF45E /* Resources */,
			);
			buildRules = (
			);
			dependencies = (
				A49405822147E7FB00CAF45E /* PBXTargetDependency */,
			);
			name = SudokuTests;
			productName = SudokuTests;
			productReference = A49405802147E7FB00CAF45E /* SudokuTests.xctest */;
			productType = "com.apple.product-type.bundle.unit-test";
		};
		A494058A2147E7FC00CAF45E /* SudokuUITests */ = {
			isa = PBXNativeTarget;
			buildConfigurationList = A494059A2147E7FC00CAF45E /* Build configuration list for PBXNativeTarget "SudokuUITests" */;
			buildPhases = (
				A49405872147E7FC00CAF45E /* Sources */,
				A49405882147E7FC00CAF45E /* Frameworks */,
				A49405892147E7FC00CAF45E /* Resources */,
			);
			buildRules = (
			);
			dependencies = (
				A494058D2147E7FC00CAF45E /* PBXTargetDependency */,
			);
			name = SudokuUITests;
			productName = SudokuUITests;
			productReference = A494058B2147E7FC00CAF45E /* SudokuUITests.xctest */;
			productType = "com.apple.product-type.bundle.ui-testing";
		};
/* End PBXNativeTarget section */

/* Begin PBXProject section */
		A49405642147E7FB00CAF45E /* Project object */ = {
			isa = PBXProject;
			attributes = {
				LastSwiftUpdateCheck = 0940;
				LastUpgradeCheck = 0940;
				ORGANIZATIONNAME = "张翌璠";
				TargetAttributes = {
					A494056B2147E7FB00CAF45E = {
						CreatedOnToolsVersion = 9.4.1;
						LastSwiftMigration = 1130;
					};
					A494057F2147E7FB00CAF45E = {
						CreatedOnToolsVersion = 9.4.1;
						LastSwiftMigration = 1130;
						TestTargetID = A494056B2147E7FB00CAF45E;
					};
					A494058A2147E7FC00CAF45E = {
						CreatedOnToolsVersion = 9.4.1;
						LastSwiftMigration = 1130;
						TestTargetID = A494056B2147E7FB00CAF45E;
					};
				};
			};
			buildConfigurationList = A49405672147E7FB00CAF45E /* Build configuration list for PBXProject "Sudoku" */;
			compatibilityVersion = "Xcode 10.0";
			developmentRegion = en;
			hasScannedForEncodings = 0;
			knownRegions = (
				en,
				Base,
			);
			mainGroup = A49405632147E7FB00CAF45E;
			productRefGroup = A494056D2147E7FB00CAF45E /* Products */;
			projectDirPath = "";
			projectRoot = "";
			targets = (
				A494056B2147E7FB00CAF45E /* Sudoku */,
				A494057F2147E7FB00CAF45E /* SudokuTests */,
				A494058A2147E7FC00CAF45E /* SudokuUITests */,
			);
		};
/* End PBXProject section */

/* Begin PBXResourcesBuildPhase section */
		A494056A2147E7FB00CAF45E /* Resources */ = {
			isa = PBXResourcesBuildPhase;
			buildActionMask = 2147483647;
			files = (
				A468BE0F223B684F0049C54E /* fengmian.png in Resources */,
				A494057A2147E7FB00CAF45E /* LaunchScreen.storyboard in Resources */,
				A49405772147E7FB00CAF45E /* Assets.xcassets in Resources */,
				A49405752147E7FB00CAF45E /* Main.storyboard in Resources */,
			);
			runOnlyForDeploymentPostprocessing = 0;
		};
		A494057E2147E7FB00CAF45E /* Resources */ = {
			isa = PBXResourcesBuildPhase;
			buildActionMask = 2147483647;
			files = (
			);
			runOnlyForDeploymentPostprocessing = 0;
		};
		A49405892147E7FC00CAF45E /* Resources */ = {
			isa = PBXResourcesBuildPhase;
			buildActionMask = 2147483647;
			files = (
			);
			runOnlyForDeploymentPostprocessing = 0;
		};
/* End PBXResourcesBuildPhase section */

/* Begin PBXSourcesBuildPhase section */
		A49405682147E7FB00CAF45E /* Sources */ = {
			isa = PBXSourcesBuildPhase;
			buildActionMask = 2147483647;
			files = (
				A49405722147E7FB00CAF45E /* ViewController.swift in Sources */,
				A49405702147E7FB00CAF45E /* AppDelegate.swift in Sources */,
			);
			runOnlyForDeploymentPostprocessing = 0;
		};
		A494057C2147E7FB00CAF45E /* Sources */ = {
			isa = PBXSourcesBuildPhase;
			buildActionMask = 2147483647;
			files = (
			);
			runOnlyForDeploymentPostprocessing = 0;
		};
		A49405872147E7FC00CAF45E /* Sources */ = {
			isa = PBXSourcesBuildPhase;
			buildActionMask = 2147483647;
			files = (
			);
			runOnlyForDeploymentPostprocessing = 0;
		};
/* End PBXSourcesBuildPhase section */

/* Begin PBXTargetDependency section */
		A49405822147E7FB00CAF45E /* PBXTargetDependency */ = {
			isa = PBXTargetDependency;
			target = A494056B2147E7FB00CAF45E /* Sudoku */;
			targetProxy = A49405812147E7FB00CAF45E /* PBXContainerItemProxy */;
		};
		A494058D2147E7FC00CAF45E /* PBXTargetDependency */ = {
			isa = PBXTargetDependency;
			target = A494056B2147E7FB00CAF45E /* Sudoku */;
			targetProxy = A494058C2147E7FC00CAF45E /* PBXContainerItemProxy */;
		};
/* End PBXTargetDependency section */

/* Begin PBXVariantGroup section */
		A49405732147E7FB00CAF45E /* Main.storyboard */ = {
			isa = PBXVariantGroup;
			children = (
				A49405742147E7FB00CAF45E /* Base */,
			);
			name = Main.storyboard;
			sourceTree = "<group>";
		};
		A49405782147E7FB00CAF45E /* LaunchScreen.storyboard */ = {
			isa = PBXVariantGroup;
			children = (
				A49405792147E7FB00CAF45E /* Base */,
			);
			name = LaunchScreen.storyboard;
			sourceTree = "<group>";
		};
/* End PBXVariantGroup section */

/* Begin XCBuildConfiguration section */
		A49405922147E7FC00CAF45E /* Debug */ = {
			isa = XCBuildConfiguration;
			buildSettings = {
				ALWAYS_SEARCH_USER_PATHS = NO;
				CLANG_ANALYZER_NONNULL = YES;
				CLANG_ANALYZER_NUMBER_OBJECT_CONVERSION = YES_AGGRESSIVE;
				CLANG_CXX_LANGUAGE_STANDARD = "gnu++14";
				CLANG_CXX_LIBRARY = "libc++";
				CLANG_ENABLE_MODULES = YES;
				CLANG_ENABLE_OBJC_ARC = YES;
				CLANG_ENABLE_OBJC_WEAK = YES;
				CLANG_WARN_BLOCK_CAPTURE_AUTORELEASING = YES;
				CLANG_WARN_BOOL_CONVERSION = YES;
				CLANG_WARN_COMMA = YES;
				CLANG_WARN_CONSTANT_CONVERSION = YES;
				CLANG_WARN_DEPRECATED_OBJC_IMPLEMENTATIONS = YES;
				CLANG_WARN_DIRECT_OBJC_ISA_USAGE = YES_ERROR;
				CLANG_WARN_DOCUMENTATION_COMMENTS = YES;
				CLANG_WARN_EMPTY_BODY = YES;
				CLANG_WARN_ENUM_CONVERSION = YES;
				CLANG_WARN_INFINITE_RECURSION = YES;
				CLANG_WARN_INT_CONVERSION = YES;
				CLANG_WARN_NON_LITERAL_NULL_CONVERSION = YES;
				CLANG_WARN_OBJC_IMPLICIT_RETAIN_SELF = YES;
				CLANG_WARN_OBJC_LITERAL_CONVERSION = YES;
				CLANG_WARN_OBJC_ROOT_CLASS = YES_ERROR;
				CLANG_WARN_RANGE_LOOP_ANALYSIS = YES;
				CLANG_WARN_STRICT_PROTOTYPES = YES;
				CLANG_WARN_SUSPICIOUS_MOVE = YES;
				CLANG_WARN_UNGUARDED_AVAILABILITY = YES_AGGRESSIVE;
				CLANG_WARN_UNREACHABLE_CODE = YES;
				CLANG_WARN__DUPLICATE_METHOD_MATCH = YES;
				CODE_SIGN_IDENTITY = "iPhone Developer";
				COPY_PHASE_STRIP = NO;
				DEBUG_INFORMATION_FORMAT = dwarf;
				ENABLE_STRICT_OBJC_MSGSEND = YES;
				ENABLE_TESTABILITY = YES;
				GCC_C_LANGUAGE_STANDARD = gnu11;
				GCC_DYNAMIC_NO_PIC = NO;
				GCC_NO_COMMON_BLOCKS = YES;
				GCC_OPTIMIZATION_LEVEL = 0;
				GCC_PREPROCESSOR_DEFINITIONS = (
					"DEBUG=1",
					"$(inherited)",
				);
				GCC_WARN_64_TO_32_BIT_CONVERSION = YES;
				GCC_WARN_ABOUT_RETURN_TYPE = YES_ERROR;
				GCC_WARN_UNDECLARED_SELECTOR = YES;
				GCC_WARN_UNINITIALIZED_AUTOS = YES_AGGRESSIVE;
				GCC_WARN_UNUSED_FUNCTION = YES;
				GCC_WARN_UNUSED_VARIABLE = YES;
				IPHONEOS_DEPLOYMENT_TARGET = 11.4;
				MTL_ENABLE_DEBUG_INFO = YES;
				ONLY_ACTIVE_ARCH = YES;
				SDKROOT = iphoneos;
				SWIFT_ACTIVE_COMPILATION_CONDITIONS = DEBUG;
				SWIFT_OPTIMIZATION_LEVEL = "-Onone";
			};
			name = Debug;
		};
		A49405932147E7FC00CAF45E /* Release */ = {
			isa = XCBuildConfiguration;
			buildSettings = {
				ALWAYS_SEARCH_USER_PATHS = NO;
				CLANG_ANALYZER_NONNULL = YES;
				CLANG_ANALYZER_NUMBER_OBJECT_CONVERSION = YES_AGGRESSIVE;
				CLANG_CXX_LANGUAGE_STANDARD = "gnu++14";
				CLANG_CXX_LIBRARY = "libc++";
				CLANG_ENABLE_MODULES = YES;
				CLANG_ENABLE_OBJC_ARC = YES;
				CLANG_ENABLE_OBJC_WEAK = YES;
				CLANG_WARN_BLOCK_CAPTURE_AUTORELEASING = YES;
				CLANG_WARN_BOOL_CONVERSION = YES;
				CLANG_WARN_COMMA = YES;
				CLANG_WARN_CONSTANT_CONVERSION = YES;
				CLANG_WARN_DEPRECATED_OBJC_IMPLEMENTATIONS = YES;
				CLANG_WARN_DIRECT_OBJC_ISA_USAGE = YES_ERROR;
				CLANG_WARN_DOCUMENTATION_COMMENTS = YES;
				CLANG_WARN_EMPTY_BODY = YES;
				CLANG_WARN_ENUM_CONVERSION = YES;
				CLANG_WARN_INFINITE_RECURSION = YES;
				CLANG_WARN_INT_CONVERSION = YES;
				CLANG_WARN_NON_LITERAL_NULL_CONVERSION = YES;
				CLANG_WARN_OBJC_IMPLICIT_RETAIN_SELF = YES;
				CLANG_WARN_OBJC_LITERAL_CONVERSION = YES;
				CLANG_WARN_OBJC_ROOT_CLASS = YES_ERROR;
				CLANG_WARN_RANGE_LOOP_ANALYSIS = YES;
				CLANG_WARN_STRICT_PROTOTYPES = YES;
				CLANG_WARN_SUSPICIOUS_MOVE = YES;
				CLANG_WARN_UNGUARDED_AVAILABILITY = YES_AGGRESSIVE;
				CLANG_WARN_UNREACHABLE_CODE = YES;
				CLANG_WARN__DUPLICATE_METHOD_MATCH = YES;
				CODE_SIGN_IDENTITY = "iPhone Developer: zhangyifansugar@gmail.com (CHTPVSMXF3)";
				COPY_PHASE_STRIP = NO;
				DEBUG_INFORMATION_FORMAT = "dwarf-with-dsym";
				ENABLE_NS_ASSERTIONS = NO;
				ENABLE_STRICT_OBJC_MSGSEND = YES;
				GCC_C_LANGUAGE_STANDARD = gnu11;
				GCC_NO_COMMON_BLOCKS = YES;
				GCC_WARN_64_TO_32_BIT_CONVERSION = YES;
				GCC_WARN_ABOUT_RETURN_TYPE = YES_ERROR;
				GCC_WARN_UNDECLARED_SELECTOR = YES;
				GCC_WARN_UNINITIALIZED_AUTOS = YES_AGGRESSIVE;
				GCC_WARN_UNUSED_FUNCTION = YES;
				GCC_WARN_UNUSED_VARIABLE = YES;
				IPHONEOS_DEPLOYMENT_TARGET = 11.4;
				MTL_ENABLE_DEBUG_INFO = NO;
				SDKROOT = iphoneos;
				SWIFT_COMPILATION_MODE = wholemodule;
				SWIFT_OPTIMIZATION_LEVEL = "-O";
				VALIDATE_PRODUCT = YES;
			};
			name = Release;
		};
		A49405952147E7FC00CAF45E /* Debug */ = {
			isa = XCBuildConfiguration;
			buildSettings = {
				ASSETCATALOG_COMPILER_APPICON_NAME = AppIcon;
				CODE_SIGN_IDENTITY = "iPhone Developer";
				CODE_SIGN_STYLE = Automatic;
				DEVELOPMENT_TEAM = 5E4BURAP34;
				INFOPLIST_FILE = Sudoku/Info.plist;
				LD_RUNPATH_SEARCH_PATHS = (
					"$(inherited)",
					"@executable_path/Frameworks",
				);
				PRODUCT_BUNDLE_IDENTIFIER = zhangyifansugar.Sudoku;
				PRODUCT_NAME = "$(TARGET_NAME)";
				PROVISIONING_PROFILE_SPECIFIER = "";
				SWIFT_VERSION = 5.0;
				TARGETED_DEVICE_FAMILY = "1,2";
			};
			name = Debug;
		};
		A49405962147E7FC00CAF45E /* Release */ = {
			isa = XCBuildConfiguration;
			buildSettings = {
				ASSETCATALOG_COMPILER_APPICON_NAME = AppIcon;
				CODE_SIGN_IDENTITY = "iPhone Developer";
				CODE_SIGN_STYLE = Automatic;
				DEVELOPMENT_TEAM = 5E4BURAP34;
				INFOPLIST_FILE = Sudoku/Info.plist;
				LD_RUNPATH_SEARCH_PATHS = (
					"$(inherited)",
					"@executable_path/Frameworks",
				);
				PRODUCT_BUNDLE_IDENTIFIER = zhangyifansugar.Sudoku;
				PRODUCT_NAME = "$(TARGET_NAME)";
				PROVISIONING_PROFILE_SPECIFIER = "";
				SWIFT_VERSION = 5.0;
				TARGETED_DEVICE_FAMILY = "1,2";
			};
			name = Release;
		};
		A49405982147E7FC00CAF45E /* Debug */ = {
			isa = XCBuildConfiguration;
			buildSettings = {
				ALWAYS_EMBED_SWIFT_STANDARD_LIBRARIES = YES;
				BUNDLE_LOADER = "$(TEST_HOST)";
				CODE_SIGN_STYLE = Automatic;
				DEVELOPMENT_TEAM = 5E4BURAP34;
				INFOPLIST_FILE = SudokuTests/Info.plist;
				LD_RUNPATH_SEARCH_PATHS = (
					"$(inherited)",
					"@executable_path/Frameworks",
					"@loader_path/Frameworks",
				);
				PRODUCT_BUNDLE_IDENTIFIER = zhangyifan.SudokuTests;
				PRODUCT_NAME = "$(TARGET_NAME)";
				SWIFT_VERSION = 5.0;
				TARGETED_DEVICE_FAMILY = "1,2";
				TEST_HOST = "$(BUILT_PRODUCTS_DIR)/Sudoku.app/Sudoku";
			};
			name = Debug;
		};
		A49405992147E7FC00CAF45E /* Release */ = {
			isa = XCBuildConfiguration;
			buildSettings = {
				ALWAYS_EMBED_SWIFT_STANDARD_LIBRARIES = YES;
				BUNDLE_LOADER = "$(TEST_HOST)";
				CODE_SIGN_STYLE = Automatic;
				DEVELOPMENT_TEAM = 5E4BURAP34;
				INFOPLIST_FILE = SudokuTests/Info.plist;
				LD_RUNPATH_SEARCH_PATHS = (
					"$(inherited)",
					"@executable_path/Frameworks",
					"@loader_path/Frameworks",
				);
				PRODUCT_BUNDLE_IDENTIFIER = zhangyifan.SudokuTests;
				PRODUCT_NAME = "$(TARGET_NAME)";
				SWIFT_VERSION = 5.0;
				TARGETED_DEVICE_FAMILY = "1,2";
				TEST_HOST = "$(BUILT_PRODUCTS_DIR)/Sudoku.app/Sudoku";
			};
			name = Release;
		};
		A494059B2147E7FC00CAF45E /* Debug */ = {
			isa = XCBuildConfiguration;
			buildSettings = {
				ALWAYS_EMBED_SWIFT_STANDARD_LIBRARIES = YES;
				CODE_SIGN_STYLE = Automatic;
				DEVELOPMENT_TEAM = 5E4BURAP34;
				INFOPLIST_FILE = SudokuUITests/Info.plist;
				LD_RUNPATH_SEARCH_PATHS = (
					"$(inherited)",
					"@executable_path/Frameworks",
					"@loader_path/Frameworks",
				);
				PRODUCT_BUNDLE_IDENTIFIER = zhangyifan.SudokuUITests;
				PRODUCT_NAME = "$(TARGET_NAME)";
				SWIFT_VERSION = 5.0;
				TARGETED_DEVICE_FAMILY = "1,2";
				TEST_TARGET_NAME = Sudoku;
			};
			name = Debug;
		};
		A494059C2147E7FC00CAF45E /* Release */ = {
			isa = XCBuildConfiguration;
			buildSettings = {
				ALWAYS_EMBED_SWIFT_STANDARD_LIBRARIES = YES;
				CODE_SIGN_STYLE = Automatic;
				DEVELOPMENT_TEAM = 5E4BURAP34;
				INFOPLIST_FILE = SudokuUITests/Info.plist;
				LD_RUNPATH_SEARCH_PATHS = (
					"$(inherited)",
					"@executable_path/Frameworks",
					"@loader_path/Frameworks",
				);
				PRODUCT_BUNDLE_IDENTIFIER = zhangyifan.SudokuUITests;
				PRODUCT_NAME = "$(TARGET_NAME)";
				SWIFT_VERSION = 5.0;
				TARGETED_DEVICE_FAMILY = "1,2";
				TEST_TARGET_NAME = Sudoku;
			};
			name = Release;
		};
/* End XCBuildConfiguration section */

/* Begin XCConfigurationList section */
		A49405672147E7FB00CAF45E /* Build configuration list for PBXProject "Sudoku" */ = {
			isa = XCConfigurationList;
			buildConfigurations = (
				A49405922147E7FC00CAF45E /* Debug */,
				A49405932147E7FC00CAF45E /* Release */,
			);
			defaultConfigurationIsVisible = 0;
			defaultConfigurationName = Release;
		};
		A49405942147E7FC00CAF45E /* Build configuration list for PBXNativeTarget "Sudoku" */ = {
			isa = XCConfigurationList;
			buildConfigurations = (
				A49405952147E7FC00CAF45E /* Debug */,
				A49405962147E7FC00CAF45E /* Release */,
			);
			defaultConfigurationIsVisible = 0;
			defaultConfigurationName = Release;
		};
		A49405972147E7FC00CAF45E /* Build configuration list for PBXNativeTarget "SudokuTests" */ = {
			isa = XCConfigurationList;
			buildConfigurations = (
				A49405982147E7FC00CAF45E /* Debug */,
				A49405992147E7FC00CAF45E /* Release */,
			);
			defaultConfigurationIsVisible = 0;
			defaultConfigurationName = Release;
		};
		A494059A2147E7FC00CAF45E /* Build configuration list for PBXNativeTarget "SudokuUITests" */ = {
			isa = XCConfigurationList;
			buildConfigurations = (
				A494059B2147E7FC00CAF45E /* Debug */,
				A494059C2147E7FC00CAF45E /* Release */,
			);
			defaultConfigurationIsVisible = 0;
			defaultConfigurationName = Release;
		};
/* End XCConfigurationList section */
	};
	rootObject = A49405642147E7FB00CAF45E /* Project object */;
}
